{
  "name": "@fiducia/client",
  "version": "0.1.0",
  "lockfileVersion": 3,
  "requires": true,
  "packages": {
    "": {
      "name": "@fiducia/client",
      "version": "0.1.0",
      "license": "UNLICENSED",
      "dependencies": {
        "@fiducia/interfaces": "^0.1.0"
      }
    },
    "../../../fiducia-interfaces": {
      "name": "@fiducia/interfaces",
      "version": "0.1.0"
    },
    "node_modules/@fiducia/interfaces": {
      "resolved": "../../../fiducia-interfaces",
      "link": true
    }
  }
}
